Microsoft Visual Studio Solution File, Format Version 11.00
# Visual Studio 2008

Project("{35F4F6E4-E611-3A38-BE88-565AB659A74D}") = "Proj1", "Assembly-CSharp.csproj", "{7D73A494-CAEF-68D9-7A36-DACA4CA40E71}"
EndProject
Global
	GlobalSection(SolutionConfigurationPlatforms) = preSolution
		Debug|Any CPU = Debug|Any CPU
		Release|Any CPU = Release|Any CPU
	EndGlobalSection
	GlobalSection(ProjectConfigurationPlatforms) = postSolution
		{7D73A494-CAEF-68D9-7A36-DACA4CA40E71}.Debug|Any CPU.ActiveCfg = Debug|Any CPU
		{7D73A494-CAEF-68D9-7A36-DACA4CA40E71}.Debug|Any CPU.Build.0 = Debug|Any CPU
		{7D73A494-CAEF-68D9-7A36-DACA4CA40E71}.Release|Any CPU.ActiveCfg = Release|Any CPU
		{7D73A494-CAEF-68D9-7A36-DACA4CA40E71}.Release|Any CPU.Build.0 = Release|Any CPU
	EndGlobalSection
	GlobalSection(SolutionProperties) = preSolution
		HideSolutionNode = FALSE
	EndGlobalSection
	GlobalSection(MonoDevelopProperties) = preSolution
		StartupItem = Assembly-CSharp.csproj
	EndGlobalSection
EndGlobal
